
Microsoft Visual Studio Solution File, Format Version 12.00
# Visual Studio Version 17
VisualStudioVersion = 17.11.35208.52
MinimumVisualStudioVersion = 10.0.40219.1
Project("{FAE04EC0-301F-11D3-BF4B-00C04F79EFBC}") = "Biblioteca Virtual", "Biblioteca Virtual.csproj", "{BC3887CA-42D3-4F7A-BFA2-591C64C4C0A2}"
EndProject
Global
	GlobalSection(SolutionConfigurationPlatforms) = preSolution
		Debug|Any CPU = Debug|Any CPU
		Release|Any CPU = Release|Any CPU
	EndGlobalSection
	GlobalSection(ProjectConfigurationPlatforms) = postSolution
		{BC3887CA-42D3-4F7A-BFA2-591C64C4C0A2}.Debug|Any CPU.ActiveCfg = Debug|Any CPU
		{BC3887CA-42D3-4F7A-BFA2-591C64C4C0A2}.Debug|Any CPU.Build.0 = Debug|Any CPU
		{BC3887CA-42D3-4F7A-BFA2-591C64C4C0A2}.Release|Any CPU.ActiveCfg = Release|Any CPU
		{BC3887CA-42D3-4F7A-BFA2-591C64C4C0A2}.Release|Any CPU.Build.0 = Release|Any CPU
	EndGlobalSection
	GlobalSection(SolutionProperties) = preSolution
		HideSolutionNode = FALSE
	EndGlobalSection
	GlobalSection(ExtensibilityGlobals) = postSolution
		SolutionGuid = {ACDD10C1-6260-4244-B04B-87E50AA16446}
	EndGlobalSection
EndGlobal
